{
  "originHash" : "fd0f7f871fc6b827b645bf2bb09ebce3adccdba86e49f4a97607725fec4acea1",
  "pins" : [
    {
      "identity" : "demucs-mlx-swift",
      "kind" : "remoteSourceControl",
      "location" : "https://github.com/ssmall256/demucs-mlx-swift",
      "state" : {
        "revision" : "781a74d927401f2f7ee807343cd7300ff8938d1d",
        "version" : "0.1.0"
      }
    },
    {
      "identity" : "mlx-swift",
      "kind" : "remoteSourceControl",
      "location" : "https://github.com/ml-explore/mlx-swift",
      "state" : {
        "revision" : "19601207e9a0de51e03ee6ec0c3c5f3784275075",
        "version" : "0.32.3"
      }
    },
    {
      "identity" : "sparkle",
      "kind" : "remoteSourceControl",
      "location" : "https://github.com/sparkle-project/Sparkle",
      "state" : {
        "revision" : "eef1a539a373c1f1a320624b1130fc5de7b2e100",
        "version" : "2.10.0"
      }
    },
    {
      "identity" : "swift-argument-parser",
      "kind" : "remoteSourceControl",
      "location" : "https://github.com/apple/swift-argument-parser",
      "state" : {
        "revision" : "6a52f3251125d74daf04fcbd5e6f08a75d074382",
        "version" : "1.8.2"
      }
    },
    {
      "identity" : "swift-numerics",
      "kind" : "remoteSourceControl",
      "location" : "https://github.com/apple/swift-numerics",
      "state" : {
        "revision" : "0c0290ff6b24942dadb83a929ffaaa1481df04a2",
        "version" : "1.1.1"
      }
    }
  ],
  "version" : 3
}
